<?xml version="1.0" encoding="utf-8"?>
<Project ToolsVersion="17.0" xmlns="http://schemas.microsoft.com/developer/msbuild/2003">
  <ItemGroup>
    <CustomBuild Include="D:\WarGame\CMakeFiles\c6e067399341a928c87b7500d780b093\INSTALL_force.rule">
      <Filter>CMake Rules</Filter>
    </CustomBuild>
  </ItemGroup>
  <ItemGroup>
    <Filter Include="CMake Rules">
      <UniqueIdentifier>{2C34BD34-FBDA-3FB2-A264-9E8403087C33}</UniqueIdentifier>
    </Filter>
  </ItemGroup>
</Project>
