<?xml version="1.0" encoding="utf-8"?>
<Project ToolsVersion="17.0" xmlns="http://schemas.microsoft.com/developer/msbuild/2003">
  <ItemGroup>
    <CustomBuild Include="D:\WarGame\CMakeFiles\580cae8fc3968c7b4996630aece16314\generate.stamp.rule">
      <Filter>CMake Rules</Filter>
    </CustomBuild>
  </ItemGroup>
  <ItemGroup>
    <Filter Include="CMake Rules">
      <UniqueIdentifier>{2C34BD34-FBDA-3FB2-A264-9E8403087C33}</UniqueIdentifier>
    </Filter>
  </ItemGroup>
</Project>
